
Microsoft Visual Studio Solution File, Format Version 12.00
# Visual Studio Version 17
VisualStudioVersion = 17.5.33516.290
MinimumVisualStudioVersion = 10.0.40219.1
Project("{FAE04EC0-301F-11D3-BF4B-00C04F79EFBC}") = "Proyecto C# UNAJ", "Proyecto C# UNAJ\Proyecto C# UNAJ.csproj", "{EAB339E5-CEC4-4BAF-AC07-DD660FD1967D}"
EndProject
Global
	GlobalSection(SolutionConfigurationPlatforms) = preSolution
		Debug|Any CPU = Debug|Any CPU
		Release|Any CPU = Release|Any CPU
	EndGlobalSection
	GlobalSection(ProjectConfigurationPlatforms) = postSolution
		{EAB339E5-CEC4-4BAF-AC07-DD660FD1967D}.Debug|Any CPU.ActiveCfg = Debug|Any CPU
		{EAB339E5-CEC4-4BAF-AC07-DD660FD1967D}.Debug|Any CPU.Build.0 = Debug|Any CPU
		{EAB339E5-CEC4-4BAF-AC07-DD660FD1967D}.Release|Any CPU.ActiveCfg = Release|Any CPU
		{EAB339E5-CEC4-4BAF-AC07-DD660FD1967D}.Release|Any CPU.Build.0 = Release|Any CPU
	EndGlobalSection
	GlobalSection(SolutionProperties) = preSolution
		HideSolutionNode = FALSE
	EndGlobalSection
	GlobalSection(ExtensibilityGlobals) = postSolution
		SolutionGuid = {F59BBD8B-0D91-4EC3-A35F-4CCDFC0D9B5A}
	EndGlobalSection
EndGlobal
